// !$*UTF8*$!
{
	archiveVersion = 1;
	classes = {
	};
	objectVersion = 56;
	objects = {

/* Begin PBXBuildFile section */
		F885B2AE29AAD5BB0081BF71 /* AppDelegate.swift in Sources */ = {isa = PBXBuildFile; fileRef = F885B2AD29AAD5BB0081BF71 /* AppDelegate.swift */; };
		F885B2B029AAD5BB0081BF71 /* SceneDelegate.swift in Sources */ = {isa = PBXBuildFile; fileRef = F885B2AF29AAD5BB0081BF71 /* SceneDelegate.swift */; };
		F885B2B729AAD5BD0081BF71 /* Assets.xcassets in Resources */ = {isa = PBXBuildFile; fileRef = F885B2B629AAD5BD0081BF71 /* Assets.xcassets */; };
		F885B2BA29AAD5BD0081BF71 /* LaunchScreen.storyboard in Resources */ = {isa = PBXBuildFile; fileRef = F885B2B829AAD5BD0081BF71 /* LaunchScreen.storyboard */; };
		F885B2C729AAD9570081BF71 /* RadioScreen.swift in Sources */ = {isa = PBXBuildFile; fileRef = F885B2C629AAD9570081BF71 /* RadioScreen.swift */; };
		F885B2CA29AAF63D0081BF71 /* TabBarController.swift in Sources */ = {isa = PBXBuildFile; fileRef = F885B2C929AAF63D0081BF71 /* TabBarController.swift */; };
		F885B2CC29AAF8590081BF71 /* LibraryScreen.swift in Sources */ = {isa = PBXBuildFile; fileRef = F885B2CB29AAF8590081BF71 /* LibraryScreen.swift */; };
		F885B2D029AD9AFC0081BF71 /* Station.swift in Sources */ = {isa = PBXBuildFile; fileRef = F885B2CF29AD9AFC0081BF71 /* Station.swift */; };
		F885B2D829AE752F0081BF71 /* Service.swift in Sources */ = {isa = PBXBuildFile; fileRef = F885B2D729AE752F0081BF71 /* Service.swift */; };
/* End PBXBuildFile section */

/* Begin PBXFileReference section */
		F885B2AA29AAD5BB0081BF71 /* perspectiva Cristã.app */ = {isa = PBXFileReference; explicitFileType = wrapper.application; includeInIndex = 0; path = "perspectiva Cristã.app"; sourceTree = BUILT_PRODUCTS_DIR; };
		F885B2AD29AAD5BB0081BF71 /* AppDelegate.swift */ = {isa = PBXFileReference; lastKnownFileType = sourcecode.swift; path = AppDelegate.swift; sourceTree = "<group>"; };
		F885B2AF29AAD5BB0081BF71 /* SceneDelegate.swift */ = {isa = PBXFileReference; lastKnownFileType = sourcecode.swift; path = SceneDelegate.swift; sourceTree = "<group>"; };
		F885B2B629AAD5BD0081BF71 /* Assets.xcassets */ = {isa = PBXFileReference; lastKnownFileType = folder.assetcatalog; path = Assets.xcassets; sourceTree = "<group>"; };
		F885B2B929AAD5BD0081BF71 /* Base */ = {isa = PBXFileReference; lastKnownFileType = file.storyboard; name = Base; path = Base.lproj/LaunchScreen.storyboard; sourceTree = "<group>"; };
		F885B2BB29AAD5BD0081BF71 /* Info.plist */ = {isa = PBXFileReference; lastKnownFileType = text.plist.xml; path = Info.plist; sourceTree = "<group>"; };
		F885B2C629AAD9570081BF71 /* RadioScreen.swift */ = {isa = PBXFileReference; lastKnownFileType = sourcecode.swift; path = RadioScreen.swift; sourceTree = "<group>"; };
		F885B2C929AAF63D0081BF71 /* TabBarController.swift */ = {isa = PBXFileReference; lastKnownFileType = sourcecode.swift; path = TabBarController.swift; sourceTree = "<group>"; };
		F885B2CB29AAF8590081BF71 /* LibraryScreen.swift */ = {isa = PBXFileReference; lastKnownFileType = sourcecode.swift; path = LibraryScreen.swift; sourceTree = "<group>"; };
		F885B2CF29AD9AFC0081BF71 /* Station.swift */ = {isa = PBXFileReference; lastKnownFileType = sourcecode.swift; path = Station.swift; sourceTree = "<group>"; };
		F885B2D729AE752F0081BF71 /* Service.swift */ = {isa = PBXFileReference; lastKnownFileType = sourcecode.swift; path = Service.swift; sourceTree = "<group>"; };
/* End PBXFileReference section */

/* Begin PBXFrameworksBuildPhase section */
		F885B2A729AAD5BB0081BF71 /* Frameworks */ = {
			isa = PBXFrameworksBuildPhase;
			buildActionMask = 2147483647;
			files = (
			);
			runOnlyForDeploymentPostprocessing = 0;
		};
/* End PBXFrameworksBuildPhase section */

/* Begin PBXGroup section */
		F885B2A129AAD5BB0081BF71 = {
			isa = PBXGroup;
			children = (
				F885B2AC29AAD5BB0081BF71 /* perspectiva Cristã */,
				F885B2AB29AAD5BB0081BF71 /* Products */,
			);
			sourceTree = "<group>";
		};
		F885B2AB29AAD5BB0081BF71 /* Products */ = {
			isa = PBXGroup;
			children = (
				F885B2AA29AAD5BB0081BF71 /* perspectiva Cristã.app */,
			);
			name = Products;
			sourceTree = "<group>";
		};
		F885B2AC29AAD5BB0081BF71 /* perspectiva Cristã */ = {
			isa = PBXGroup;
			children = (
				F885B2C229AAD8FA0081BF71 /* Resources */,
				F885B2C829AADA350081BF71 /* Service */,
				F885B2C329AAD9230081BF71 /* Model */,
				F885B2C129AAD8F20081BF71 /* sources */,
				F885B2B829AAD5BD0081BF71 /* LaunchScreen.storyboard */,
				F885B2BB29AAD5BD0081BF71 /* Info.plist */,
			);
			path = "perspectiva Cristã";
			sourceTree = "<group>";
		};
		F885B2C129AAD8F20081BF71 /* sources */ = {
			isa = PBXGroup;
			children = (
				F885B2C429AAD9350081BF71 /* TabBarController */,
				F885B2C529AAD9430081BF71 /* Screen */,
			);
			path = sources;
			sourceTree = "<group>";
		};
		F885B2C229AAD8FA0081BF71 /* Resources */ = {
			isa = PBXGroup;
			children = (
				F885B2AD29AAD5BB0081BF71 /* AppDelegate.swift */,
				F885B2AF29AAD5BB0081BF71 /* SceneDelegate.swift */,
				F885B2B629AAD5BD0081BF71 /* Assets.xcassets */,
			);
			path = Resources;
			sourceTree = "<group>";
		};
		F885B2C329AAD9230081BF71 /* Model */ = {
			isa = PBXGroup;
			children = (
				F885B2CF29AD9AFC0081BF71 /* Station.swift */,
			);
			path = Model;
			sourceTree = "<group>";
		};
		F885B2C429AAD9350081BF71 /* TabBarController */ = {
			isa = PBXGroup;
			children = (
				F885B2C929AAF63D0081BF71 /* TabBarController.swift */,
			);
			path = TabBarController;
			sourceTree = "<group>";
		};
		F885B2C529AAD9430081BF71 /* Screen */ = {
			isa = PBXGroup;
			children = (
				F885B2C629AAD9570081BF71 /* RadioScreen.swift */,
				F885B2CB29AAF8590081BF71 /* LibraryScreen.swift */,
			);
			path = Screen;
			sourceTree = "<group>";
		};
		F885B2C829AADA350081BF71 /* Service */ = {
			isa = PBXGroup;
			children = (
				F885B2D729AE752F0081BF71 /* Service.swift */,
			);
			path = Service;
			sourceTree = "<group>";
		};
/* End PBXGroup section */

/* Begin PBXNativeTarget section */
		F885B2A929AAD5BB0081BF71 /* perspectiva Cristã */ = {
			isa = PBXNativeTarget;
			buildConfigurationList = F885B2BE29AAD5BD0081BF71 /* Build configuration list for PBXNativeTarget "perspectiva Cristã" */;
			buildPhases = (
				F885B2A629AAD5BB0081BF71 /* Sources */,
				F885B2A729AAD5BB0081BF71 /* Frameworks */,
				F885B2A829AAD5BB0081BF71 /* Resources */,
			);
			buildRules = (
			);
			dependencies = (
			);
			name = "perspectiva Cristã";
			productName = "perspectiva Cristã";
			productReference = F885B2AA29AAD5BB0081BF71 /* perspectiva Cristã.app */;
			productType = "com.apple.product-type.application";
		};
/* End PBXNativeTarget section */

/* Begin PBXProject section */
		F885B2A229AAD5BB0081BF71 /* Project object */ = {
			isa = PBXProject;
			attributes = {
				BuildIndependentTargetsInParallel = 1;
				LastSwiftUpdateCheck = 1420;
				LastUpgradeCheck = 1420;
				TargetAttributes = {
					F885B2A929AAD5BB0081BF71 = {
						CreatedOnToolsVersion = 14.2;
					};
				};
			};
			buildConfigurationList = F885B2A529AAD5BB0081BF71 /* Build configuration list for PBXProject "perspectiva Cristã" */;
			compatibilityVersion = "Xcode 14.0";
			developmentRegion = en;
			hasScannedForEncodings = 0;
			knownRegions = (
				en,
				Base,
			);
			mainGroup = F885B2A129AAD5BB0081BF71;
			productRefGroup = F885B2AB29AAD5BB0081BF71 /* Products */;
			projectDirPath = "";
			projectRoot = "";
			targets = (
				F885B2A929AAD5BB0081BF71 /* perspectiva Cristã */,
			);
		};
/* End PBXProject section */

/* Begin PBXResourcesBuildPhase section */
		F885B2A829AAD5BB0081BF71 /* Resources */ = {
			isa = PBXResourcesBuildPhase;
			buildActionMask = 2147483647;
			files = (
				F885B2BA29AAD5BD0081BF71 /* LaunchScreen.storyboard in Resources */,
				F885B2B729AAD5BD0081BF71 /* Assets.xcassets in Resources */,
			);
			runOnlyForDeploymentPostprocessing = 0;
		};
/* End PBXResourcesBuildPhase section */

/* Begin PBXSourcesBuildPhase section */
		F885B2A629AAD5BB0081BF71 /* Sources */ = {
			isa = PBXSourcesBuildPhase;
			buildActionMask = 2147483647;
			files = (
				F885B2CC29AAF8590081BF71 /* LibraryScreen.swift in Sources */,
				F885B2AE29AAD5BB0081BF71 /* AppDelegate.swift in Sources */,
				F885B2CA29AAF63D0081BF71 /* TabBarController.swift in Sources */,
				F885B2D029AD9AFC0081BF71 /* Station.swift in Sources */,
				F885B2B029AAD5BB0081BF71 /* SceneDelegate.swift in Sources */,
				F885B2D829AE752F0081BF71 /* Service.swift in Sources */,
				F885B2C729AAD9570081BF71 /* RadioScreen.swift in Sources */,
			);
			runOnlyForDeploymentPostprocessing = 0;
		};
/* End PBXSourcesBuildPhase section */

/* Begin PBXVariantGroup section */
		F885B2B829AAD5BD0081BF71 /* LaunchScreen.storyboard */ = {
			isa = PBXVariantGroup;
			children = (
				F885B2B929AAD5BD0081BF71 /* Base */,
			);
			name = LaunchScreen.storyboard;
			sourceTree = "<group>";
		};
/* End PBXVariantGroup section */

/* Begin XCBuildConfiguration section */
		F885B2BC29AAD5BD0081BF71 /* Debug */ = {
			isa = XCBuildConfiguration;
			buildSettings = {
				ALWAYS_SEARCH_USER_PATHS = NO;
				CLANG_ANALYZER_NONNULL = YES;
				CLANG_ANALYZER_NUMBER_OBJECT_CONVERSION = YES_AGGRESSIVE;
				CLANG_CXX_LANGUAGE_STANDARD = "gnu++20";
				CLANG_ENABLE_MODULES = YES;
				CLANG_ENABLE_OBJC_ARC = YES;
				CLANG_ENABLE_OBJC_WEAK = YES;
				CLANG_WARN_BLOCK_CAPTURE_AUTORELEASING = YES;
				CLANG_WARN_BOOL_CONVERSION = YES;
				CLANG_WARN_COMMA = YES;
				CLANG_WARN_CONSTANT_CONVERSION = YES;
				CLANG_WARN_DEPRECATED_OBJC_IMPLEMENTATIONS = YES;
				CLANG_WARN_DIRECT_OBJC_ISA_USAGE = YES_ERROR;
				CLANG_WARN_DOCUMENTATION_COMMENTS = YES;
				CLANG_WARN_EMPTY_BODY = YES;
				CLANG_WARN_ENUM_CONVERSION = YES;
				CLANG_WARN_INFINITE_RECURSION = YES;
				CLANG_WARN_INT_CONVERSION = YES;
				CLANG_WARN_NON_LITERAL_NULL_CONVERSION = YES;
				CLANG_WARN_OBJC_IMPLICIT_RETAIN_SELF = YES;
				CLANG_WARN_OBJC_LITERAL_CONVERSION = YES;
				CLANG_WARN_OBJC_ROOT_CLASS = YES_ERROR;
				CLANG_WARN_QUOTED_INCLUDE_IN_FRAMEWORK_HEADER = YES;
				CLANG_WARN_RANGE_LOOP_ANALYSIS = YES;
				CLANG_WARN_STRICT_PROTOTYPES = YES;
				CLANG_WARN_SUSPICIOUS_MOVE = YES;
				CLANG_WARN_UNGUARDED_AVAILABILITY = YES_AGGRESSIVE;
				CLANG_WARN_UNREACHABLE_CODE = YES;
				CLANG_WARN__DUPLICATE_METHOD_MATCH = YES;
				COPY_PHASE_STRIP = NO;
				DEBUG_INFORMATION_FORMAT = dwarf;
				ENABLE_STRICT_OBJC_MSGSEND = YES;
				ENABLE_TESTABILITY = YES;
				GCC_C_LANGUAGE_STANDARD = gnu11;
				GCC_DYNAMIC_NO_PIC = NO;
				GCC_NO_COMMON_BLOCKS = YES;
				GCC_OPTIMIZATION_LEVEL = 0;
				GCC_PREPROCESSOR_DEFINITIONS = (
					"DEBUG=1",
					"$(inherited)",
				);
				GCC_WARN_64_TO_32_BIT_CONVERSION = YES;
				GCC_WARN_ABOUT_RETURN_TYPE = YES_ERROR;
				GCC_WARN_UNDECLARED_SELECTOR = YES;
				GCC_WARN_UNINITIALIZED_AUTOS = YES_AGGRESSIVE;
				GCC_WARN_UNUSED_FUNCTION = YES;
				GCC_WARN_UNUSED_VARIABLE = YES;
				IPHONEOS_DEPLOYMENT_TARGET = 16.2;
				MTL_ENABLE_DEBUG_INFO = INCLUDE_SOURCE;
				MTL_FAST_MATH = YES;
				ONLY_ACTIVE_ARCH = YES;
				SDKROOT = iphoneos;
				SWIFT_ACTIVE_COMPILATION_CONDITIONS = DEBUG;
				SWIFT_OPTIMIZATION_LEVEL = "-Onone";
			};
			name = Debug;
		};
		F885B2BD29AAD5BD0081BF71 /* Release */ = {
			isa = XCBuildConfiguration;
			buildSettings = {
				ALWAYS_SEARCH_USER_PATHS = NO;
				CLANG_ANALYZER_NONNULL = YES;
				CLANG_ANALYZER_NUMBER_OBJECT_CONVERSION = YES_AGGRESSIVE;
				CLANG_CXX_LANGUAGE_STANDARD = "gnu++20";
				CLANG_ENABLE_MODULES = YES;
				CLANG_ENABLE_OBJC_ARC = YES;
				CLANG_ENABLE_OBJC_WEAK = YES;
				CLANG_WARN_BLOCK_CAPTURE_AUTORELEASING = YES;
				CLANG_WARN_BOOL_CONVERSION = YES;
				CLANG_WARN_COMMA = YES;
				CLANG_WARN_CONSTANT_CONVERSION = YES;
				CLANG_WARN_DEPRECATED_OBJC_IMPLEMENTATIONS = YES;
				CLANG_WARN_DIRECT_OBJC_ISA_USAGE = YES_ERROR;
				CLANG_WARN_DOCUMENTATION_COMMENTS = YES;
				CLANG_WARN_EMPTY_BODY = YES;
				CLANG_WARN_ENUM_CONVERSION = YES;
				CLANG_WARN_INFINITE_RECURSION = YES;
				CLANG_WARN_INT_CONVERSION = YES;
				CLANG_WARN_NON_LITERAL_NULL_CONVERSION = YES;
				CLANG_WARN_OBJC_IMPLICIT_RETAIN_SELF = YES;
				CLANG_WARN_OBJC_LITERAL_CONVERSION = YES;
				CLANG_WARN_OBJC_ROOT_CLASS = YES_ERROR;
				CLANG_WARN_QUOTED_INCLUDE_IN_FRAMEWORK_HEADER = YES;
				CLANG_WARN_RANGE_LOOP_ANALYSIS = YES;
				CLANG_WARN_STRICT_PROTOTYPES = YES;
				CLANG_WARN_SUSPICIOUS_MOVE = YES;
				CLANG_WARN_UNGUARDED_AVAILABILITY = YES_AGGRESSIVE;
				CLANG_WARN_UNREACHABLE_CODE = YES;
				CLANG_WARN__DUPLICATE_METHOD_MATCH = YES;
				COPY_PHASE_STRIP = NO;
				DEBUG_INFORMATION_FORMAT = "dwarf-with-dsym";
				ENABLE_NS_ASSERTIONS = NO;
				ENABLE_STRICT_OBJC_MSGSEND = YES;
				GCC_C_LANGUAGE_STANDARD = gnu11;
				GCC_NO_COMMON_BLOCKS = YES;
				GCC_WARN_64_TO_32_BIT_CONVERSION = YES;
				GCC_WARN_ABOUT_RETURN_TYPE = YES_ERROR;
				GCC_WARN_UNDECLARED_SELECTOR = YES;
				GCC_WARN_UNINITIALIZED_AUTOS = YES_AGGRESSIVE;
				GCC_WARN_UNUSED_FUNCTION = YES;
				GCC_WARN_UNUSED_VARIABLE = YES;
				IPHONEOS_DEPLOYMENT_TARGET = 16.2;
				MTL_ENABLE_DEBUG_INFO = NO;
				MTL_FAST_MATH = YES;
				SDKROOT = iphoneos;
				SWIFT_COMPILATION_MODE = wholemodule;
				SWIFT_OPTIMIZATION_LEVEL = "-O";
				VALIDATE_PRODUCT = YES;
			};
			name = Release;
		};
		F885B2BF29AAD5BD0081BF71 /* Debug */ = {
			isa = XCBuildConfiguration;
			buildSettings = {
				ASSETCATALOG_COMPILER_APPICON_NAME = AppIcon;
				ASSETCATALOG_COMPILER_GLOBAL_ACCENT_COLOR_NAME = AccentColor;
				CODE_SIGN_STYLE = Automatic;
				CURRENT_PROJECT_VERSION = 1;
				DEVELOPMENT_TEAM = F5279Z3D7P;
				GENERATE_INFOPLIST_FILE = YES;
				INFOPLIST_FILE = "perspectiva Cristã/Info.plist";
				INFOPLIST_KEY_UIApplicationSupportsIndirectInputEvents = YES;
				INFOPLIST_KEY_UILaunchStoryboardName = LaunchScreen;
				INFOPLIST_KEY_UISupportedInterfaceOrientations_iPad = "UIInterfaceOrientationPortrait UIInterfaceOrientationPortraitUpsideDown UIInterfaceOrientationLandscapeLeft UIInterfaceOrientationLandscapeRight";
				INFOPLIST_KEY_UISupportedInterfaceOrientations_iPhone = "UIInterfaceOrientationPortrait UIInterfaceOrientationLandscapeLeft UIInterfaceOrientationLandscapeRight";
				LD_RUNPATH_SEARCH_PATHS = (
					"$(inherited)",
					"@executable_path/Frameworks",
				);
				MARKETING_VERSION = 1.0;
				PRODUCT_BUNDLE_IDENTIFIER = "com.Jonatas.perspectiva-Crista-";
				PRODUCT_NAME = "$(TARGET_NAME)";
				SWIFT_EMIT_LOC_STRINGS = YES;
				SWIFT_VERSION = 5.0;
				TARGETED_DEVICE_FAMILY = "1,2";
			};
			name = Debug;
		};
		F885B2C029AAD5BD0081BF71 /* Release */ = {
			isa = XCBuildConfiguration;
			buildSettings = {
				ASSETCATALOG_COMPILER_APPICON_NAME = AppIcon;
				ASSETCATALOG_COMPILER_GLOBAL_ACCENT_COLOR_NAME = AccentColor;
				CODE_SIGN_STYLE = Automatic;
				CURRENT_PROJECT_VERSION = 1;
				DEVELOPMENT_TEAM = F5279Z3D7P;
				GENERATE_INFOPLIST_FILE = YES;
				INFOPLIST_FILE = "perspectiva Cristã/Info.plist";
				INFOPLIST_KEY_UIApplicationSupportsIndirectInputEvents = YES;
				INFOPLIST_KEY_UILaunchStoryboardName = LaunchScreen;
				INFOPLIST_KEY_UISupportedInterfaceOrientations_iPad = "UIInterfaceOrientationPortrait UIInterfaceOrientationPortraitUpsideDown UIInterfaceOrientationLandscapeLeft UIInterfaceOrientationLandscapeRight";
				INFOPLIST_KEY_UISupportedInterfaceOrientations_iPhone = "UIInterfaceOrientationPortrait UIInterfaceOrientationLandscapeLeft UIInterfaceOrientationLandscapeRight";
				LD_RUNPATH_SEARCH_PATHS = (
					"$(inherited)",
					"@executable_path/Frameworks",
				);
				MARKETING_VERSION = 1.0;
				PRODUCT_BUNDLE_IDENTIFIER = "com.Jonatas.perspectiva-Crista-";
				PRODUCT_NAME = "$(TARGET_NAME)";
				SWIFT_EMIT_LOC_STRINGS = YES;
				SWIFT_VERSION = 5.0;
				TARGETED_DEVICE_FAMILY = "1,2";
			};
			name = Release;
		};
/* End XCBuildConfiguration section */

/* Begin XCConfigurationList section */
		F885B2A529AAD5BB0081BF71 /* Build configuration list for PBXProject "perspectiva Cristã" */ = {
			isa = XCConfigurationList;
			buildConfigurations = (
				F885B2BC29AAD5BD0081BF71 /* Debug */,
				F885B2BD29AAD5BD0081BF71 /* Release */,
			);
			defaultConfigurationIsVisible = 0;
			defaultConfigurationName = Release;
		};
		F885B2BE29AAD5BD0081BF71 /* Build configuration list for PBXNativeTarget "perspectiva Cristã" */ = {
			isa = XCConfigurationList;
			buildConfigurations = (
				F885B2BF29AAD5BD0081BF71 /* Debug */,
				F885B2C029AAD5BD0081BF71 /* Release */,
			);
			defaultConfigurationIsVisible = 0;
			defaultConfigurationName = Release;
		};
/* End XCConfigurationList section */
	};
	rootObject = F885B2A229AAD5BB0081BF71 /* Project object */;
}
